
Microsoft Visual Studio Solution File, Format Version 12.00
# Visual Studio Version 17
VisualStudioVersion = 17.10.35122.118
MinimumVisualStudioVersion = 10.0.40219.1
Project("{FAE04EC0-301F-11D3-BF4B-00C04F79EFBC}") = "NewUserPlugin", "NewUserPlugin\NewUserPlugin.csproj", "{EA48971B-4AF5-473E-B6A4-6C03B9EFCC4D}"
EndProject
Project("{2150E333-8FDC-42A3-9474-1A3956D46DE8}") = "Элементы решения", "Элементы решения", "{06D618FE-2272-42ED-8AA9-E513085975E8}"
	ProjectSection(SolutionItems) = preProject
		data.json = data.json
	EndProjectSection
EndProject
Global
	GlobalSection(SolutionConfigurationPlatforms) = preSolution
		Debug|Any CPU = Debug|Any CPU
		Release|Any CPU = Release|Any CPU
	EndGlobalSection
	GlobalSection(ProjectConfigurationPlatforms) = postSolution
		{EA48971B-4AF5-473E-B6A4-6C03B9EFCC4D}.Debug|Any CPU.ActiveCfg = Debug|Any CPU
		{EA48971B-4AF5-473E-B6A4-6C03B9EFCC4D}.Debug|Any CPU.Build.0 = Debug|Any CPU
		{EA48971B-4AF5-473E-B6A4-6C03B9EFCC4D}.Release|Any CPU.ActiveCfg = Release|Any CPU
		{EA48971B-4AF5-473E-B6A4-6C03B9EFCC4D}.Release|Any CPU.Build.0 = Release|Any CPU
	EndGlobalSection
	GlobalSection(SolutionProperties) = preSolution
		HideSolutionNode = FALSE
	EndGlobalSection
	GlobalSection(ExtensibilityGlobals) = postSolution
		SolutionGuid = {72CF6CBB-574E-4FFA-B953-F037E68EB215}
	EndGlobalSection
EndGlobal
